
Microsoft Visual Studio Solution File, Format Version 12.00
# Visual Studio Version 17
VisualStudioVersion = 17.9.34701.34
MinimumVisualStudioVersion = 10.0.40219.1
Project("{FAE04EC0-301F-11D3-BF4B-00C04F79EFBC}") = "PracticeAPI_API", "PracticeAPI_API\PracticeAPI_API.csproj", "{CD1C765B-3304-4F2D-9D05-69333B01EFFD}"
EndProject
Global
	GlobalSection(SolutionConfigurationPlatforms) = preSolution
		Debug|Any CPU = Debug|Any CPU
		Release|Any CPU = Release|Any CPU
	EndGlobalSection
	GlobalSection(ProjectConfigurationPlatforms) = postSolution
		{CD1C765B-3304-4F2D-9D05-69333B01EFFD}.Debug|Any CPU.ActiveCfg = Debug|Any CPU
		{CD1C765B-3304-4F2D-9D05-69333B01EFFD}.Debug|Any CPU.Build.0 = Debug|Any CPU
		{CD1C765B-3304-4F2D-9D05-69333B01EFFD}.Release|Any CPU.ActiveCfg = Release|Any CPU
		{CD1C765B-3304-4F2D-9D05-69333B01EFFD}.Release|Any CPU.Build.0 = Release|Any CPU
	EndGlobalSection
	GlobalSection(SolutionProperties) = preSolution
		HideSolutionNode = FALSE
	EndGlobalSection
	GlobalSection(ExtensibilityGlobals) = postSolution
		SolutionGuid = {7280A194-A5A3-46CB-96DD-294332993108}
	EndGlobalSection
EndGlobal
